# @generated - this file is auto-generated by `mise lock` https://mise.jdx.dev/dev-tools/mise-lock.html

[[tools."aqua:betterleaks/betterleaks"]]
version = "1.8.1"
backend = "aqua:betterleaks/betterleaks"

[tools."aqua:betterleaks/betterleaks"."platforms.linux-arm64"]
checksum = "sha256:bbb578b12a2f65d7082ab436abf37724232bc71d8a078e3c41336574420f1b48"
url = "https://github.com/betterleaks/betterleaks/releases/download/v1.8.1/betterleaks_1.8.1_linux_arm64.tar.gz"
url_api = "https://api.github.com/repos/betterleaks/betterleaks/releases/assets/519981771"
provenance = "cosign"

[tools."aqua:betterleaks/betterleaks"."platforms.linux-arm64-musl"]
checksum = "sha256:bbb578b12a2f65d7082ab436abf37724232bc71d8a078e3c41336574420f1b48"
url = "https://github.com/betterleaks/betterleaks/releases/download/v1.8.1/betterleaks_1.8.1_linux_arm64.tar.gz"
url_api = "https://api.github.com/repos/betterleaks/betterleaks/releases/assets/519981771"
provenance = "cosign"

[tools."aqua:betterleaks/betterleaks"."platforms.linux-x64"]
checksum = "sha256:efa407244e1ea8e35f582b8a42becdeac08bdead04f68eb752adda722d583c2a"
url = "https://github.com/betterleaks/betterleaks/releases/download/v1.8.1/betterleaks_1.8.1_linux_x64.tar.gz"
url_api = "https://api.github.com/repos/betterleaks/betterleaks/releases/assets/519981768"
provenance = "cosign"

[tools."aqua:betterleaks/betterleaks"."platforms.linux-x64-musl"]
checksum = "sha256:efa407244e1ea8e35f582b8a42becdeac08bdead04f68eb752adda722d583c2a"
url = "https://github.com/betterleaks/betterleaks/releases/download/v1.8.1/betterleaks_1.8.1_linux_x64.tar.gz"
url_api = "https://api.github.com/repos/betterleaks/betterleaks/releases/assets/519981768"
provenance = "cosign"

[tools."aqua:betterleaks/betterleaks"."platforms.macos-arm64"]
checksum = "sha256:8e80f33b5f2a7426b390347b9fd466033723cb94b6bdffa7572632e2eaec964e"
url = "https://github.com/betterleaks/betterleaks/releases/download/v1.8.1/betterleaks_1.8.1_darwin_arm64.tar.gz"
url_api = "https://api.github.com/repos/betterleaks/betterleaks/releases/assets/519981770"
provenance = "cosign"

[tools."aqua:betterleaks/betterleaks"."platforms.macos-x64"]
checksum = "sha256:6abc37df76f881cffae406aa2cec72bea6e6ae64b4e771b3ed21b4aac472ed10"
url = "https://github.com/betterleaks/betterleaks/releases/download/v1.8.1/betterleaks_1.8.1_darwin_x64.tar.gz"
url_api = "https://api.github.com/repos/betterleaks/betterleaks/releases/assets/519981772"
provenance = "cosign"

[tools."aqua:betterleaks/betterleaks"."platforms.windows-x64"]
checksum = "sha256:94310d028285a1bcce7f160bc19eb62f87de6460c95bfd4319151ef5b501ed3f"
url = "https://github.com/betterleaks/betterleaks/releases/download/v1.8.1/betterleaks_1.8.1_windows_x64.zip"
url_api = "https://api.github.com/repos/betterleaks/betterleaks/releases/assets/519981798"
provenance = "cosign"

[[tools.bun]]
version = "1.3.8"
backend = "core:bun"

[tools.bun."platforms.linux-arm64"]
checksum = "sha256:4e9deb6814a7ec7f68725ddd97d0d7b4065bcda9a850f69d497567e995a7fa33"
url = "https://github.com/oven-sh/bun/releases/download/bun-v1.3.8/bun-linux-aarch64.zip"

[tools.bun."platforms.linux-arm64-musl"]
checksum = "sha256:76dddebfd8c011c8b774991eb8ba47da770e4ce06ddc2b045aa0d659ef5fbe44"
url = "https://github.com/oven-sh/bun/releases/download/bun-v1.3.8/bun-linux-aarch64-musl.zip"

[tools.bun."platforms.linux-x64"]
checksum = "sha256:0322b17f0722da76a64298aad498225aedcbf6df1008a1dee45e16ecb226a3f1"
url = "https://github.com/oven-sh/bun/releases/download/bun-v1.3.8/bun-linux-x64.zip"

[tools.bun."platforms.linux-x64-baseline"]
checksum = "sha256:bbe4632ac03d7495177d542ecefa8f21f9849273106525f6bb13172ec8e4ab2c"
url = "https://github.com/oven-sh/bun/releases/download/bun-v1.3.8/bun-linux-x64-baseline.zip"

[tools.bun."platforms.linux-x64-musl"]
checksum = "sha256:a810b5083a830596cff3715402371917a200940efdeed6189bcde191e79d4633"
url = "https://github.com/oven-sh/bun/releases/download/bun-v1.3.8/bun-linux-x64-musl.zip"

[tools.bun."platforms.linux-x64-musl-baseline"]
checksum = "sha256:f05311fc12304ff8eaca136fc934eede6728055ba3d00cdb7e7dac394853f159"
url = "https://github.com/oven-sh/bun/releases/download/bun-v1.3.8/bun-linux-x64-musl-baseline.zip"

[tools.bun."platforms.macos-arm64"]
checksum = "sha256:672a0a9a7b744d085a1d2219ca907e3e26f5579fca9e783a9510a4f98a36212f"
url = "https://github.com/oven-sh/bun/releases/download/bun-v1.3.8/bun-darwin-aarch64.zip"

[tools.bun."platforms.macos-x64"]
checksum = "sha256:4a0ecd703b37d66abaf51e5bc24fd1249e8dc392c17ee6235710cf51a0988b85"
url = "https://github.com/oven-sh/bun/releases/download/bun-v1.3.8/bun-darwin-x64.zip"

[tools.bun."platforms.macos-x64-baseline"]
checksum = "sha256:9812e5f6c7f818ef9c491e05a77481ab2e7a4a1580b378526e1611c102fe7ca3"
url = "https://github.com/oven-sh/bun/releases/download/bun-v1.3.8/bun-darwin-x64-baseline.zip"

[tools.bun."platforms.windows-x64"]
checksum = "sha256:4c0a82866424e23d1bdaa9517307ec2f143ed513c15546dba0b859c6c55c47c7"
url = "https://github.com/oven-sh/bun/releases/download/bun-v1.3.8/bun-windows-x64.zip"

[tools.bun."platforms.windows-x64-baseline"]
checksum = "sha256:74f4dad7b4873ee70f63add9918400334e31acab9ba3fce9ef9906d96646e231"
url = "https://github.com/oven-sh/bun/releases/download/bun-v1.3.8/bun-windows-x64-baseline.zip"

[[tools.node]]
version = "24.16.0"
backend = "core:node"

[tools.node."platforms.linux-arm64"]
checksum = "sha256:589f5b6dd4fcfee4dfda73013903c966abaa8abd93dbc9d436544e472b4f0e74"
url = "https://nodejs.org/dist/v24.16.0/node-v24.16.0-linux-arm64.tar.gz"

[tools.node."platforms.linux-arm64-musl"]
checksum = "sha256:85dde27aa73503b03dadfa0410a800067b4e3f702fb7fcaa3beaf284dfcc69e9"
url = "https://unofficial-builds.nodejs.org/download/release/v24.16.0/node-v24.16.0-linux-arm64-musl.tar.gz"

[tools.node."platforms.linux-x64"]
checksum = "sha256:2faf6a387e9b62b888e21c54f01249fb27537ffecf1842f29f4c919d0a59a0ff"
url = "https://nodejs.org/dist/v24.16.0/node-v24.16.0-linux-x64.tar.gz"

[tools.node."platforms.linux-x64-musl"]
checksum = "sha256:50df5d8d474892d4f7b906167df36f77f5b93908f63dc532dc568219cab65841"
url = "https://unofficial-builds.nodejs.org/download/release/v24.16.0/node-v24.16.0-linux-x64-musl.tar.gz"

[tools.node."platforms.macos-arm64"]
checksum = "sha256:39189dab4eeb15706c424af0ac08a3044c9e48f7db12a7d77f6b7aafc7dd5df6"
url = "https://nodejs.org/dist/v24.16.0/node-v24.16.0-darwin-arm64.tar.gz"

[tools.node."platforms.macos-x64"]
checksum = "sha256:298b4c7b3cb80765c8703e42b90324a4ece3b6634947b89e769c3c980ab55185"
url = "https://nodejs.org/dist/v24.16.0/node-v24.16.0-darwin-x64.tar.gz"

[tools.node."platforms.windows-x64"]
checksum = "sha256:edaca9bd58ec8e92037dac4e877d52f6b8f430b81c18b57e264b4e2fb111cd56"
url = "https://nodejs.org/dist/v24.16.0/node-v24.16.0-win-x64.zip"
