# @generated - this file is auto-generated by `mise lock` https://mise.jdx.dev/dev-tools/mise-lock.html

[[tools."aqua:betterleaks/betterleaks"]]
version = "1.8.1"
backend = "aqua:betterleaks/betterleaks"

[tools."aqua:betterleaks/betterleaks"."platforms.linux-arm64"]
checksum = "sha256:bbb578b12a2f65d7082ab436abf37724232bc71d8a078e3c41336574420f1b48"
url = "https://github.com/betterleaks/betterleaks/releases/download/v1.8.1/betterleaks_1.8.1_linux_arm64.tar.gz"
url_api = "https://api.github.com/repos/betterleaks/betterleaks/releases/assets/519981771"
provenance = "cosign"

[tools."aqua:betterleaks/betterleaks"."platforms.linux-arm64-musl"]
checksum = "sha256:bbb578b12a2f65d7082ab436abf37724232bc71d8a078e3c41336574420f1b48"
url = "https://github.com/betterleaks/betterleaks/releases/download/v1.8.1/betterleaks_1.8.1_linux_arm64.tar.gz"
url_api = "https://api.github.com/repos/betterleaks/betterleaks/releases/assets/519981771"
provenance = "cosign"

[tools."aqua:betterleaks/betterleaks"."platforms.linux-x64"]
checksum = "sha256:efa407244e1ea8e35f582b8a42becdeac08bdead04f68eb752adda722d583c2a"
url = "https://github.com/betterleaks/betterleaks/releases/download/v1.8.1/betterleaks_1.8.1_linux_x64.tar.gz"
url_api = "https://api.github.com/repos/betterleaks/betterleaks/releases/assets/519981768"
provenance = "cosign"

[tools."aqua:betterleaks/betterleaks"."platforms.linux-x64-musl"]
checksum = "sha256:efa407244e1ea8e35f582b8a42becdeac08bdead04f68eb752adda722d583c2a"
url = "https://github.com/betterleaks/betterleaks/releases/download/v1.8.1/betterleaks_1.8.1_linux_x64.tar.gz"
url_api = "https://api.github.com/repos/betterleaks/betterleaks/releases/assets/519981768"
provenance = "cosign"

[tools."aqua:betterleaks/betterleaks"."platforms.macos-arm64"]
checksum = "sha256:8e80f33b5f2a7426b390347b9fd466033723cb94b6bdffa7572632e2eaec964e"
url = "https://github.com/betterleaks/betterleaks/releases/download/v1.8.1/betterleaks_1.8.1_darwin_arm64.tar.gz"
url_api = "https://api.github.com/repos/betterleaks/betterleaks/releases/assets/519981770"
provenance = "cosign"

[tools."aqua:betterleaks/betterleaks"."platforms.macos-x64"]
checksum = "sha256:6abc37df76f881cffae406aa2cec72bea6e6ae64b4e771b3ed21b4aac472ed10"
url = "https://github.com/betterleaks/betterleaks/releases/download/v1.8.1/betterleaks_1.8.1_darwin_x64.tar.gz"
url_api = "https://api.github.com/repos/betterleaks/betterleaks/releases/assets/519981772"
provenance = "cosign"

[tools."aqua:betterleaks/betterleaks"."platforms.windows-x64"]
checksum = "sha256:94310d028285a1bcce7f160bc19eb62f87de6460c95bfd4319151ef5b501ed3f"
url = "https://github.com/betterleaks/betterleaks/releases/download/v1.8.1/betterleaks_1.8.1_windows_x64.zip"
url_api = "https://api.github.com/repos/betterleaks/betterleaks/releases/assets/519981798"
provenance = "cosign"

[[tools.bun]]
version = "1.3.8"
backend = "core:bun"

[[tools.hugo-extended]]
version = "0.166.0"
backend = "aqua:gohugoio/hugo/hugo-extended"

[tools.hugo-extended."platforms.linux-arm64"]
checksum = "sha256:4b282afd8181e5ed182f50f293fc24dd6c42bfa569e555d53bfbc5ee6a1b2982"
url = "https://github.com/gohugoio/hugo/releases/download/v0.166.0/hugo_extended_0.166.0_linux-arm64.tar.gz"
url_api = "https://api.github.com/repos/gohugoio/hugo/releases/assets/552998760"

[tools.hugo-extended."platforms.linux-arm64-musl"]
checksum = "sha256:4b282afd8181e5ed182f50f293fc24dd6c42bfa569e555d53bfbc5ee6a1b2982"
url = "https://github.com/gohugoio/hugo/releases/download/v0.166.0/hugo_extended_0.166.0_linux-arm64.tar.gz"
url_api = "https://api.github.com/repos/gohugoio/hugo/releases/assets/552998760"

[tools.hugo-extended."platforms.linux-x64"]
checksum = "sha256:0e39b901e3f919f1daae05c8ff64f0c14c8a348ef46886d63f8e6d1bb2653885"
url = "https://github.com/gohugoio/hugo/releases/download/v0.166.0/hugo_extended_0.166.0_linux-amd64.tar.gz"
url_api = "https://api.github.com/repos/gohugoio/hugo/releases/assets/552998688"

[tools.hugo-extended."platforms.linux-x64-musl"]
checksum = "sha256:0e39b901e3f919f1daae05c8ff64f0c14c8a348ef46886d63f8e6d1bb2653885"
url = "https://github.com/gohugoio/hugo/releases/download/v0.166.0/hugo_extended_0.166.0_linux-amd64.tar.gz"
url_api = "https://api.github.com/repos/gohugoio/hugo/releases/assets/552998688"

[tools.hugo-extended."platforms.macos-arm64"]
checksum = "sha256:5ac468a54ccd99bd3bfcdacadec25f6fcd6c0606dccfa86bb761d400d3f0a680"
url = "https://github.com/gohugoio/hugo/releases/download/v0.166.0/hugo_extended_0.166.0_darwin-universal.pkg"
url_api = "https://api.github.com/repos/gohugoio/hugo/releases/assets/552998784"

[tools.hugo-extended."platforms.macos-x64"]
checksum = "sha256:5ac468a54ccd99bd3bfcdacadec25f6fcd6c0606dccfa86bb761d400d3f0a680"
url = "https://github.com/gohugoio/hugo/releases/download/v0.166.0/hugo_extended_0.166.0_darwin-universal.pkg"
url_api = "https://api.github.com/repos/gohugoio/hugo/releases/assets/552998784"

[tools.hugo-extended."platforms.windows-x64"]
checksum = "sha256:51e4512ff343e7a2b9d879028a92177d090031c71e7a6a2a3d7cba8536202e80"
url = "https://github.com/gohugoio/hugo/releases/download/v0.166.0/hugo_extended_0.166.0_windows-amd64.zip"
url_api = "https://api.github.com/repos/gohugoio/hugo/releases/assets/552998831"

[[tools.node]]
version = "24.16.0"
backend = "core:node"

[tools.node."platforms.linux-arm64"]
checksum = "sha256:589f5b6dd4fcfee4dfda73013903c966abaa8abd93dbc9d436544e472b4f0e74"
url = "https://nodejs.org/dist/v24.16.0/node-v24.16.0-linux-arm64.tar.gz"

[tools.node."platforms.linux-arm64-musl"]
checksum = "sha256:85dde27aa73503b03dadfa0410a800067b4e3f702fb7fcaa3beaf284dfcc69e9"
url = "https://unofficial-builds.nodejs.org/download/release/v24.16.0/node-v24.16.0-linux-arm64-musl.tar.gz"

[tools.node."platforms.linux-x64"]
checksum = "sha256:2faf6a387e9b62b888e21c54f01249fb27537ffecf1842f29f4c919d0a59a0ff"
url = "https://nodejs.org/dist/v24.16.0/node-v24.16.0-linux-x64.tar.gz"

[tools.node."platforms.linux-x64-musl"]
checksum = "sha256:50df5d8d474892d4f7b906167df36f77f5b93908f63dc532dc568219cab65841"
url = "https://unofficial-builds.nodejs.org/download/release/v24.16.0/node-v24.16.0-linux-x64-musl.tar.gz"

[tools.node."platforms.macos-arm64"]
checksum = "sha256:39189dab4eeb15706c424af0ac08a3044c9e48f7db12a7d77f6b7aafc7dd5df6"
url = "https://nodejs.org/dist/v24.16.0/node-v24.16.0-darwin-arm64.tar.gz"

[tools.node."platforms.macos-x64"]
checksum = "sha256:298b4c7b3cb80765c8703e42b90324a4ece3b6634947b89e769c3c980ab55185"
url = "https://nodejs.org/dist/v24.16.0/node-v24.16.0-darwin-x64.tar.gz"

[tools.node."platforms.windows-x64"]
checksum = "sha256:edaca9bd58ec8e92037dac4e877d52f6b8f430b81c18b57e264b4e2fb111cd56"
url = "https://nodejs.org/dist/v24.16.0/node-v24.16.0-win-x64.zip"
